// !$*UTF8*$!
{
	archiveVersion = 1;
	classes = {
	};
	objectVersion = 46;
	objects = {

/* Begin PBXBuildFile section */
		1805D7C31A74FFFD0000946D /* main.m in Sources */ = {isa = PBXBuildFile; fileRef = 1805D7C21A74FFFD0000946D /* main.m */; };
		1805D7C61A74FFFD0000946D /* AppDelegate.m in Sources */ = {isa = PBXBuildFile; fileRef = 1805D7C51A74FFFD0000946D /* AppDelegate.m */; };
		1805D7CE1A74FFFD0000946D /* Images.xcassets in Resources */ = {isa = PBXBuildFile; fileRef = 1805D7CD1A74FFFD0000946D /* Images.xcassets */; };
		1805D7D11A74FFFD0000946D /* LaunchScreen.xib in Resources */ = {isa = PBXBuildFile; fileRef = 1805D7CF1A74FFFD0000946D /* LaunchScreen.xib */; };
		1805D7DD1A74FFFD0000946D /* UITableViewDemoTests.m in Sources */ = {isa = PBXBuildFile; fileRef = 1805D7DC1A74FFFD0000946D /* UITableViewDemoTests.m */; };
		1805D7E91A7500B80000946D /* CJTableViewController.m in Sources */ = {isa = PBXBuildFile; fileRef = 1805D7E81A7500B80000946D /* CJTableViewController.m */; };
		1805D7EC1A75010A0000946D /* UIView+Extension.m in Sources */ = {isa = PBXBuildFile; fileRef = 1805D7EB1A75010A0000946D /* UIView+Extension.m */; };
		1805D7EE1A7501BF0000946D /* CoderJee.jpg in Resources */ = {isa = PBXBuildFile; fileRef = 1805D7ED1A7501BF0000946D /* CoderJee.jpg */; };
/* End PBXBuildFile section */

/* Begin PBXContainerItemProxy section */
		1805D7D71A74FFFD0000946D /* PBXContainerItemProxy */ = {
			isa = PBXContainerItemProxy;
			containerPortal = 1805D7B51A74FFFD0000946D /* Project object */;
			proxyType = 1;
			remoteGlobalIDString = 1805D7BC1A74FFFD0000946D;
			remoteInfo = UITableViewDemo;
		};
/* End PBXContainerItemProxy section */

/* Begin PBXFileReference section */
		1805D7BD1A74FFFD0000946D /* CJPullDownTableView.app */ = {isa = PBXFileReference; explicitFileType = wrapper.application; includeInIndex = 0; path = CJPullDownTableView.app; sourceTree = BUILT_PRODUCTS_DIR; };
		1805D7C11A74FFFD0000946D /* Info.plist */ = {isa = PBXFileReference; lastKnownFileType = text.plist.xml; path = Info.plist; sourceTree = "<group>"; };
		1805D7C21A74FFFD0000946D /* main.m */ = {isa = PBXFileReference; lastKnownFileType = sourcecode.c.objc; path = main.m; sourceTree = "<group>"; };
		1805D7C41A74FFFD0000946D /* AppDelegate.h */ = {isa = PBXFileReference; lastKnownFileType = sourcecode.c.h; path = AppDelegate.h; sourceTree = "<group>"; };
		1805D7C51A74FFFD0000946D /* AppDelegate.m */ = {isa = PBXFileReference; lastKnownFileType = sourcecode.c.objc; path = AppDelegate.m; sourceTree = "<group>"; };
		1805D7CD1A74FFFD0000946D /* Images.xcassets */ = {isa = PBXFileReference; lastKnownFileType = folder.assetcatalog; path = Images.xcassets; sourceTree = "<group>"; };
		1805D7D01A74FFFD0000946D /* Base */ = {isa = PBXFileReference; lastKnownFileType = file.xib; name = Base; path = Base.lproj/LaunchScreen.xib; sourceTree = "<group>"; };
		1805D7D61A74FFFD0000946D /* CJPullDownTableViewTests.xctest */ = {isa = PBXFileReference; explicitFileType = wrapper.cfbundle; includeInIndex = 0; path = CJPullDownTableViewTests.xctest; sourceTree = BUILT_PRODUCTS_DIR; };
		1805D7DB1A74FFFD0000946D /* Info.plist */ = {isa = PBXFileReference; lastKnownFileType = text.plist.xml; path = Info.plist; sourceTree = "<group>"; };
		1805D7DC1A74FFFD0000946D /* UITableViewDemoTests.m */ = {isa = PBXFileReference; lastKnownFileType = sourcecode.c.objc; path = UITableViewDemoTests.m; sourceTree = "<group>"; };
		1805D7E71A7500B80000946D /* CJTableViewController.h */ = {isa = PBXFileReference; fileEncoding = 4; lastKnownFileType = sourcecode.c.h; path = CJTableViewController.h; sourceTree = "<group>"; };
		1805D7E81A7500B80000946D /* CJTableViewController.m */ = {isa = PBXFileReference; fileEncoding = 4; lastKnownFileType = sourcecode.c.objc; path = CJTableViewController.m; sourceTree = "<group>"; };
		1805D7EA1A75010A0000946D /* UIView+Extension.h */ = {isa = PBXFileReference; fileEncoding = 4; lastKnownFileType = sourcecode.c.h; path = "UIView+Extension.h"; sourceTree = "<group>"; };
		1805D7EB1A75010A0000946D /* UIView+Extension.m */ = {isa = PBXFileReference; fileEncoding = 4; lastKnownFileType = sourcecode.c.objc; path = "UIView+Extension.m"; sourceTree = "<group>"; };
		1805D7ED1A7501BF0000946D /* CoderJee.jpg */ = {isa = PBXFileReference; lastKnownFileType = image.jpeg; path = CoderJee.jpg; sourceTree = "<group>"; };
/* End PBXFileReference section */

/* Begin PBXFrameworksBuildPhase section */
		1805D7BA1A74FFFD0000946D /* Frameworks */ = {
			isa = PBXFrameworksBuildPhase;
			buildActionMask = 2147483647;
			files = (
			);
			runOnlyForDeploymentPostprocessing = 0;
		};
		1805D7D31A74FFFD0000946D /* Frameworks */ = {
			isa = PBXFrameworksBuildPhase;
			buildActionMask = 2147483647;
			files = (
			);
			runOnlyForDeploymentPostprocessing = 0;
		};
/* End PBXFrameworksBuildPhase section */

/* Begin PBXGroup section */
		1805D7B41A74FFFD0000946D = {
			isa = PBXGroup;
			children = (
				1805D7BF1A74FFFD0000946D /* CJPullDownTableView */,
				1805D7D91A74FFFD0000946D /* CJPullDownTableViewTests */,
				1805D7BE1A74FFFD0000946D /* Products */,
			);
			sourceTree = "<group>";
		};
		1805D7BE1A74FFFD0000946D /* Products */ = {
			isa = PBXGroup;
			children = (
				1805D7BD1A74FFFD0000946D /* CJPullDownTableView.app */,
				1805D7D61A74FFFD0000946D /* CJPullDownTableViewTests.xctest */,
			);
			name = Products;
			sourceTree = "<group>";
		};
		1805D7BF1A74FFFD0000946D /* CJPullDownTableView */ = {
			isa = PBXGroup;
			children = (
				1805D7E61A7500330000946D /* Category */,
				1805D7C41A74FFFD0000946D /* AppDelegate.h */,
				1805D7C51A74FFFD0000946D /* AppDelegate.m */,
				1805D7E71A7500B80000946D /* CJTableViewController.h */,
				1805D7E81A7500B80000946D /* CJTableViewController.m */,
				1805D7CD1A74FFFD0000946D /* Images.xcassets */,
				1805D7CF1A74FFFD0000946D /* LaunchScreen.xib */,
				1805D7C01A74FFFD0000946D /* Supporting Files */,
			);
			name = CJPullDownTableView;
			path = UITableViewDemo;
			sourceTree = "<group>";
		};
		1805D7C01A74FFFD0000946D /* Supporting Files */ = {
			isa = PBXGroup;
			children = (
				1805D7ED1A7501BF0000946D /* CoderJee.jpg */,
				1805D7C11A74FFFD0000946D /* Info.plist */,
				1805D7C21A74FFFD0000946D /* main.m */,
			);
			name = "Supporting Files";
			sourceTree = "<group>";
		};
		1805D7D91A74FFFD0000946D /* CJPullDownTableViewTests */ = {
			isa = PBXGroup;
			children = (
				1805D7DC1A74FFFD0000946D /* UITableViewDemoTests.m */,
				1805D7DA1A74FFFD0000946D /* Supporting Files */,
			);
			name = CJPullDownTableViewTests;
			path = UITableViewDemoTests;
			sourceTree = "<group>";
		};
		1805D7DA1A74FFFD0000946D /* Supporting Files */ = {
			isa = PBXGroup;
			children = (
				1805D7DB1A74FFFD0000946D /* Info.plist */,
			);
			name = "Supporting Files";
			sourceTree = "<group>";
		};
		1805D7E61A7500330000946D /* Category */ = {
			isa = PBXGroup;
			children = (
				1805D7EA1A75010A0000946D /* UIView+Extension.h */,
				1805D7EB1A75010A0000946D /* UIView+Extension.m */,
			);
			path = Category;
			sourceTree = "<group>";
		};
/* End PBXGroup section */

/* Begin PBXNativeTarget section */
		1805D7BC1A74FFFD0000946D /* CJPullDownTableView */ = {
			isa = PBXNativeTarget;
			buildConfigurationList = 1805D7E01A74FFFD0000946D /* Build configuration list for PBXNativeTarget "CJPullDownTableView" */;
			buildPhases = (
				1805D7B91A74FFFD0000946D /* Sources */,
				1805D7BA1A74FFFD0000946D /* Frameworks */,
				1805D7BB1A74FFFD0000946D /* Resources */,
			);
			buildRules = (
			);
			dependencies = (
			);
			name = CJPullDownTableView;
			productName = UITableViewDemo;
			productReference = 1805D7BD1A74FFFD0000946D /* CJPullDownTableView.app */;
			productType = "com.apple.product-type.application";
		};
		1805D7D51A74FFFD0000946D /* CJPullDownTableViewTests */ = {
			isa = PBXNativeTarget;
			buildConfigurationList = 1805D7E31A74FFFD0000946D /* Build configuration list for PBXNativeTarget "CJPullDownTableViewTests" */;
			buildPhases = (
				1805D7D21A74FFFD0000946D /* Sources */,
				1805D7D31A74FFFD0000946D /* Frameworks */,
				1805D7D41A74FFFD0000946D /* Resources */,
			);
			buildRules = (
			);
			dependencies = (
				1805D7D81A74FFFD0000946D /* PBXTargetDependency */,
			);
			name = CJPullDownTableViewTests;
			productName = UITableViewDemoTests;
			productReference = 1805D7D61A74FFFD0000946D /* CJPullDownTableViewTests.xctest */;
			productType = "com.apple.product-type.bundle.unit-test";
		};
/* End PBXNativeTarget section */

/* Begin PBXProject section */
		1805D7B51A74FFFD0000946D /* Project object */ = {
			isa = PBXProject;
			attributes = {
				LastUpgradeCheck = 0610;
				ORGANIZATIONNAME = CoderJee;
				TargetAttributes = {
					1805D7BC1A74FFFD0000946D = {
						CreatedOnToolsVersion = 6.1.1;
					};
					1805D7D51A74FFFD0000946D = {
						CreatedOnToolsVersion = 6.1.1;
						TestTargetID = 1805D7BC1A74FFFD0000946D;
					};
				};
			};
			buildConfigurationList = 1805D7B81A74FFFD0000946D /* Build configuration list for PBXProject "CJPullDownTableView" */;
			compatibilityVersion = "Xcode 3.2";
			developmentRegion = English;
			hasScannedForEncodings = 0;
			knownRegions = (
				en,
				Base,
			);
			mainGroup = 1805D7B41A74FFFD0000946D;
			productRefGroup = 1805D7BE1A74FFFD0000946D /* Products */;
			projectDirPath = "";
			projectRoot = "";
			targets = (
				1805D7BC1A74FFFD0000946D /* CJPullDownTableView */,
				1805D7D51A74FFFD0000946D /* CJPullDownTableViewTests */,
			);
		};
/* End PBXProject section */

/* Begin PBXResourcesBuildPhase section */
		1805D7BB1A74FFFD0000946D /* Resources */ = {
			isa = PBXResourcesBuildPhase;
			buildActionMask = 2147483647;
			files = (
				1805D7D11A74FFFD0000946D /* LaunchScreen.xib in Resources */,
				1805D7EE1A7501BF0000946D /* CoderJee.jpg in Resources */,
				1805D7CE1A74FFFD0000946D /* Images.xcassets in Resources */,
			);
			runOnlyForDeploymentPostprocessing = 0;
		};
		1805D7D41A74FFFD0000946D /* Resources */ = {
			isa = PBXResourcesBuildPhase;
			buildActionMask = 2147483647;
			files = (
			);
			runOnlyForDeploymentPostprocessing = 0;
		};
/* End PBXResourcesBuildPhase section */

/* Begin PBXSourcesBuildPhase section */
		1805D7B91A74FFFD0000946D /* Sources */ = {
			isa = PBXSourcesBuildPhase;
			buildActionMask = 2147483647;
			files = (
				1805D7C61A74FFFD0000946D /* AppDelegate.m in Sources */,
				1805D7E91A7500B80000946D /* CJTableViewController.m in Sources */,
				1805D7EC1A75010A0000946D /* UIView+Extension.m in Sources */,
				1805D7C31A74FFFD0000946D /* main.m in Sources */,
			);
			runOnlyForDeploymentPostprocessing = 0;
		};
		1805D7D21A74FFFD0000946D /* Sources */ = {
			isa = PBXSourcesBuildPhase;
			buildActionMask = 2147483647;
			files = (
				1805D7DD1A74FFFD0000946D /* UITableViewDemoTests.m in Sources */,
			);
			runOnlyForDeploymentPostprocessing = 0;
		};
/* End PBXSourcesBuildPhase section */

/* Begin PBXTargetDependency section */
		1805D7D81A74FFFD0000946D /* PBXTargetDependency */ = {
			isa = PBXTargetDependency;
			target = 1805D7BC1A74FFFD0000946D /* CJPullDownTableView */;
			targetProxy = 1805D7D71A74FFFD0000946D /* PBXContainerItemProxy */;
		};
/* End PBXTargetDependency section */

/* Begin PBXVariantGroup section */
		1805D7CF1A74FFFD0000946D /* LaunchScreen.xib */ = {
			isa = PBXVariantGroup;
			children = (
				1805D7D01A74FFFD0000946D /* Base */,
			);
			name = LaunchScreen.xib;
			sourceTree = "<group>";
		};
/* End PBXVariantGroup section */

/* Begin XCBuildConfiguration section */
		1805D7DE1A74FFFD0000946D /* Debug */ = {
			isa = XCBuildConfiguration;
			buildSettings = {
				ALWAYS_SEARCH_USER_PATHS = NO;
				CLANG_CXX_LANGUAGE_STANDARD = "gnu++0x";
				CLANG_CXX_LIBRARY = "libc++";
				CLANG_ENABLE_MODULES = YES;
				CLANG_ENABLE_OBJC_ARC = YES;
				CLANG_WARN_BOOL_CONVERSION = YES;
				CLANG_WARN_CONSTANT_CONVERSION = YES;
				CLANG_WARN_DIRECT_OBJC_ISA_USAGE = YES_ERROR;
				CLANG_WARN_EMPTY_BODY = YES;
				CLANG_WARN_ENUM_CONVERSION = YES;
				CLANG_WARN_INT_CONVERSION = YES;
				CLANG_WARN_OBJC_ROOT_CLASS = YES_ERROR;
				CLANG_WARN_UNREACHABLE_CODE = YES;
				CLANG_WARN__DUPLICATE_METHOD_MATCH = YES;
				"CODE_SIGN_IDENTITY[sdk=iphoneos*]" = "iPhone Developer";
				COPY_PHASE_STRIP = NO;
				ENABLE_STRICT_OBJC_MSGSEND = YES;
				GCC_C_LANGUAGE_STANDARD = gnu99;
				GCC_DYNAMIC_NO_PIC = NO;
				GCC_OPTIMIZATION_LEVEL = 0;
				GCC_PREPROCESSOR_DEFINITIONS = (
					"DEBUG=1",
					"$(inherited)",
				);
				GCC_SYMBOLS_PRIVATE_EXTERN = NO;
				GCC_WARN_64_TO_32_BIT_CONVERSION = YES;
				GCC_WARN_ABOUT_RETURN_TYPE = YES_ERROR;
				GCC_WARN_UNDECLARED_SELECTOR = YES;
				GCC_WARN_UNINITIALIZED_AUTOS = YES_AGGRESSIVE;
				GCC_WARN_UNUSED_FUNCTION = YES;
				GCC_WARN_UNUSED_VARIABLE = YES;
				IPHONEOS_DEPLOYMENT_TARGET = 8.1;
				MTL_ENABLE_DEBUG_INFO = YES;
				ONLY_ACTIVE_ARCH = YES;
				SDKROOT = iphoneos;
			};
			name = Debug;
		};
		1805D7DF1A74FFFD0000946D /* Release */ = {
			isa = XCBuildConfiguration;
			buildSettings = {
				ALWAYS_SEARCH_USER_PATHS = NO;
				CLANG_CXX_LANGUAGE_STANDARD = "gnu++0x";
				CLANG_CXX_LIBRARY = "libc++";
				CLANG_ENABLE_MODULES = YES;
				CLANG_ENABLE_OBJC_ARC = YES;
				CLANG_WARN_BOOL_CONVERSION = YES;
				CLANG_WARN_CONSTANT_CONVERSION = YES;
				CLANG_WARN_DIRECT_OBJC_ISA_USAGE = YES_ERROR;
				CLANG_WARN_EMPTY_BODY = YES;
				CLANG_WARN_ENUM_CONVERSION = YES;
				CLANG_WARN_INT_CONVERSION = YES;
				CLANG_WARN_OBJC_ROOT_CLASS = YES_ERROR;
				CLANG_WARN_UNREACHABLE_CODE = YES;
				CLANG_WARN__DUPLICATE_METHOD_MATCH = YES;
				"CODE_SIGN_IDENTITY[sdk=iphoneos*]" = "iPhone Developer";
				COPY_PHASE_STRIP = YES;
				ENABLE_NS_ASSERTIONS = NO;
				ENABLE_STRICT_OBJC_MSGSEND = YES;
				GCC_C_LANGUAGE_STANDARD = gnu99;
				GCC_WARN_64_TO_32_BIT_CONVERSION = YES;
				GCC_WARN_ABOUT_RETURN_TYPE = YES_ERROR;
				GCC_WARN_UNDECLARED_SELECTOR = YES;
				GCC_WARN_UNINITIALIZED_AUTOS = YES_AGGRESSIVE;
				GCC_WARN_UNUSED_FUNCTION = YES;
				GCC_WARN_UNUSED_VARIABLE = YES;
				IPHONEOS_DEPLOYMENT_TARGET = 8.1;
				MTL_ENABLE_DEBUG_INFO = NO;
				SDKROOT = iphoneos;
				VALIDATE_PRODUCT = YES;
			};
			name = Release;
		};
		1805D7E11A74FFFD0000946D /* Debug */ = {
			isa = XCBuildConfiguration;
			buildSettings = {
				ASSETCATALOG_COMPILER_APPICON_NAME = AppIcon;
				INFOPLIST_FILE = UITableViewDemo/Info.plist;
				LD_RUNPATH_SEARCH_PATHS = "$(inherited) @executable_path/Frameworks";
				PRODUCT_NAME = CJPullDownTableView;
			};
			name = Debug;
		};
		1805D7E21A74FFFD0000946D /* Release */ = {
			isa = XCBuildConfiguration;
			buildSettings = {
				ASSETCATALOG_COMPILER_APPICON_NAME = AppIcon;
				INFOPLIST_FILE = UITableViewDemo/Info.plist;
				LD_RUNPATH_SEARCH_PATHS = "$(inherited) @executable_path/Frameworks";
				PRODUCT_NAME = CJPullDownTableView;
			};
			name = Release;
		};
		1805D7E41A74FFFD0000946D /* Debug */ = {
			isa = XCBuildConfiguration;
			buildSettings = {
				BUNDLE_LOADER = "$(TEST_HOST)";
				FRAMEWORK_SEARCH_PATHS = (
					"$(SDKROOT)/Developer/Library/Frameworks",
					"$(inherited)",
				);
				GCC_PREPROCESSOR_DEFINITIONS = (
					"DEBUG=1",
					"$(inherited)",
				);
				INFOPLIST_FILE = UITableViewDemoTests/Info.plist;
				LD_RUNPATH_SEARCH_PATHS = "$(inherited) @executable_path/Frameworks @loader_path/Frameworks";
				PRODUCT_NAME = CJPullDownTableViewTests;
				TEST_HOST = "$(BUILT_PRODUCTS_DIR)/UITableViewDemo.app/UITableViewDemo";
			};
			name = Debug;
		};
		1805D7E51A74FFFD0000946D /* Release */ = {
			isa = XCBuildConfiguration;
			buildSettings = {
				BUNDLE_LOADER = "$(TEST_HOST)";
				FRAMEWORK_SEARCH_PATHS = (
					"$(SDKROOT)/Developer/Library/Frameworks",
					"$(inherited)",
				);
				INFOPLIST_FILE = UITableViewDemoTests/Info.plist;
				LD_RUNPATH_SEARCH_PATHS = "$(inherited) @executable_path/Frameworks @loader_path/Frameworks";
				PRODUCT_NAME = CJPullDownTableViewTests;
				TEST_HOST = "$(BUILT_PRODUCTS_DIR)/UITableViewDemo.app/UITableViewDemo";
			};
			name = Release;
		};
/* End XCBuildConfiguration section */

/* Begin XCConfigurationList section */
		1805D7B81A74FFFD0000946D /* Build configuration list for PBXProject "CJPullDownTableView" */ = {
			isa = XCConfigurationList;
			buildConfigurations = (
				1805D7DE1A74FFFD0000946D /* Debug */,
				1805D7DF1A74FFFD0000946D /* Release */,
			);
			defaultConfigurationIsVisible = 0;
			defaultConfigurationName = Release;
		};
		1805D7E01A74FFFD0000946D /* Build configuration list for PBXNativeTarget "CJPullDownTableView" */ = {
			isa = XCConfigurationList;
			buildConfigurations = (
				1805D7E11A74FFFD0000946D /* Debug */,
				1805D7E21A74FFFD0000946D /* Release */,
			);
			defaultConfigurationIsVisible = 0;
		};
		1805D7E31A74FFFD0000946D /* Build configuration list for PBXNativeTarget "CJPullDownTableViewTests" */ = {
			isa = XCConfigurationList;
			buildConfigurations = (
				1805D7E41A74FFFD0000946D /* Debug */,
				1805D7E51A74FFFD0000946D /* Release */,
			);
			defaultConfigurationIsVisible = 0;
		};
/* End XCConfigurationList section */
	};
	rootObject = 1805D7B51A74FFFD0000946D /* Project object */;
}
